
Microsoft Visual Studio Solution File, Format Version 12.00
# Visual Studio Version 16
VisualStudioVersion = 16.0.32228.343
MinimumVisualStudioVersion = 10.0.40219.1
Project("{FAE04EC0-301F-11D3-BF4B-00C04F79EFBC}") = "03-05", "03-05\03-05.csproj", "{21177726-8301-4171-AEC7-9209110C96EA}"
EndProject
Global
	GlobalSection(SolutionConfigurationPlatforms) = preSolution
		Debug|Any CPU = Debug|Any CPU
		Release|Any CPU = Release|Any CPU
	EndGlobalSection
	GlobalSection(ProjectConfigurationPlatforms) = postSolution
		{21177726-8301-4171-AEC7-9209110C96EA}.Debug|Any CPU.ActiveCfg = Debug|Any CPU
		{21177726-8301-4171-AEC7-9209110C96EA}.Debug|Any CPU.Build.0 = Debug|Any CPU
		{21177726-8301-4171-AEC7-9209110C96EA}.Release|Any CPU.ActiveCfg = Release|Any CPU
		{21177726-8301-4171-AEC7-9209110C96EA}.Release|Any CPU.Build.0 = Release|Any CPU
	EndGlobalSection
	GlobalSection(SolutionProperties) = preSolution
		HideSolutionNode = FALSE
	EndGlobalSection
	GlobalSection(ExtensibilityGlobals) = postSolution
		SolutionGuid = {8C0F1B53-B63B-4A41-B325-AFF2F19A9834}
	EndGlobalSection
EndGlobal
